
Microsoft Visual Studio Solution File, Format Version 12.00
# Visual Studio Version 17
VisualStudioVersion = 17.8.34525.116
MinimumVisualStudioVersion = 10.0.40219.1
Project("{FAE04EC0-301F-11D3-BF4B-00C04F79EFBC}") = "text editor task", "text editor task\text editor task.csproj", "{429C1A37-86AA-4691-8D9A-9B8E285881CA}"
EndProject
Global
	GlobalSection(SolutionConfigurationPlatforms) = preSolution
		Debug|Any CPU = Debug|Any CPU
		Release|Any CPU = Release|Any CPU
	EndGlobalSection
	GlobalSection(ProjectConfigurationPlatforms) = postSolution
		{429C1A37-86AA-4691-8D9A-9B8E285881CA}.Debug|Any CPU.ActiveCfg = Debug|Any CPU
		{429C1A37-86AA-4691-8D9A-9B8E285881CA}.Debug|Any CPU.Build.0 = Debug|Any CPU
		{429C1A37-86AA-4691-8D9A-9B8E285881CA}.Release|Any CPU.ActiveCfg = Release|Any CPU
		{429C1A37-86AA-4691-8D9A-9B8E285881CA}.Release|Any CPU.Build.0 = Release|Any CPU
	EndGlobalSection
	GlobalSection(SolutionProperties) = preSolution
		HideSolutionNode = FALSE
	EndGlobalSection
	GlobalSection(ExtensibilityGlobals) = postSolution
		SolutionGuid = {40B86164-8110-4208-8A90-723AEA40C80C}
	EndGlobalSection
EndGlobal
